<?xml version="1.0" encoding="utf-8"?>
<Project ToolsVersion="4.0" xmlns="http://schemas.microsoft.com/developer/msbuild/2003">
  <ItemGroup>
    <Filter Include="Source Files">
      <Extensions>cpp;c;cc;cxx;def;odl;idl;hpj;bat;asm;asmx</Extensions>
    </Filter>
    <Filter Include="Header Files">
      <Extensions>h;hh;hpp;hxx;hm;inl;inc;ipp;xsd</Extensions>
    </Filter>
    <Filter Include="Header Files\Algorithms">
      <UniqueIdentifier>{8380c397-dee7-419a-8a22-f2be42d52d3b}</UniqueIdentifier>
    </Filter>
    <Filter Include="Source Files\Algorithms">
      <UniqueIdentifier>{e1c5fa5d-ae77-4d20-b92e-c5d2bee14672}</UniqueIdentifier>
    </Filter>
    <Filter Include="Header Files\tiles">
      <UniqueIdentifier>{7d1881d8-1f5e-4c09-bca7-297fd6d7287e}</UniqueIdentifier>
    </Filter>
    <Filter Include="Header Files\Entitites">
      <UniqueIdentifier>{cd84a83a-9cc4-42c6-a219-2a07850bcc84}</UniqueIdentifier>
    </Filter>
    <Filter Include="Header Files\Map">
      <UniqueIdentifier>{19ea1c96-c48f-4b72-b833-9f36109f538c}</UniqueIdentifier>
    </Filter>
    <Filter Include="Header Files\States">
      <UniqueIdentifier>{3f66a120-8a52-405e-b5e9-bf3c08176231}</UniqueIdentifier>
    </Filter>
    <Filter Include="Source Files\Map">
      <UniqueIdentifier>{208e11db-c56f-45f7-a873-3495c5140028}</UniqueIdentifier>
    </Filter>
    <Filter Include="Source Files\Tiles">
      <UniqueIdentifier>{34ab7bad-71d9-4d80-9f69-179913241443}</UniqueIdentifier>
    </Filter>
    <Filter Include="Source Files\States">
      <UniqueIdentifier>{47b94efd-34da-4a4a-b450-22a7f9eee357}</UniqueIdentifier>
    </Filter>
    <Filter Include="Header Files\Communication">
      <UniqueIdentifier>{18e7ca94-3b5e-40db-8560-1cca91da0692}</UniqueIdentifier>
    </Filter>
    <Filter Include="Source Files\Communication">
      <UniqueIdentifier>{86db5147-e45f-491f-b129-1c2f1759b369}</UniqueIdentifier>
    </Filter>
    <Filter Include="Source Files\Entities">
      <UniqueIdentifier>{26b13f2f-da66-496b-b39a-392f46c97c1c}</UniqueIdentifier>
    </Filter>
    <Filter Include="Header Files\Information">
      <UniqueIdentifier>{ab86533d-9be8-451b-8f5c-938346d1aaa9}</UniqueIdentifier>
    </Filter>
    <Filter Include="Source Files\information">
      <UniqueIdentifier>{3eb67b56-4bb6-402d-92b0-b63f12a0d9c5}</UniqueIdentifier>
    </Filter>
  </ItemGroup>
  <ItemGroup>
    <ClCompile Include="AstarAlgorithm.cpp">
      <Filter>Source Files\Algorithms</Filter>
    </ClCompile>
    <ClCompile Include="PlayerMap.cpp">
      <Filter>Source Files\Map</Filter>
    </ClCompile>
    <ClCompile Include="GameObjectX.cpp">
      <Filter>Source Files\Tiles</Filter>
    </ClCompile>
    <ClCompile Include="CompareGameObjectX.cpp">
      <Filter>Source Files\Algorithms</Filter>
    </ClCompile>
    <ClCompile Include="Telegram.cpp">
      <Filter>Source Files\Communication</Filter>
    </ClCompile>
    <ClCompile Include="MessageDispatcher.cpp">
      <Filter>Source Files\Communication</Filter>
    </ClCompile>
    <ClCompile Include="EntityManager.cpp">
      <Filter>Source Files\Entities</Filter>
    </ClCompile>
    <ClCompile Include="BaseGameEntity.cpp">
      <Filter>Source Files\Entities</Filter>
    </ClCompile>
    <ClCompile Include="ScoutingState.cpp">
      <Filter>Source Files\States</Filter>
    </ClCompile>
    <ClCompile Include="GoingToTreeState.cpp">
      <Filter>Source Files\States</Filter>
    </ClCompile>
    <ClCompile Include="Tree.cpp">
      <Filter>Source Files\Entities</Filter>
    </ClCompile>
    <ClCompile Include="Scout.cpp">
      <Filter>Source Files\Entities</Filter>
    </ClCompile>
    <ClCompile Include="Worker.cpp">
      <Filter>Source Files\Entities</Filter>
    </ClCompile>
    <ClCompile Include="WanderingState.cpp">
      <Filter>Source Files\States</Filter>
    </ClCompile>
    <ClCompile Include="MainGame.cpp">
      <Filter>Source Files</Filter>
    </ClCompile>
    <ClCompile Include="DataControllerTrees.cpp">
      <Filter>Source Files\information</Filter>
    </ClCompile>
    <ClCompile Include="DataControllerEntities.cpp">
      <Filter>Source Files\information</Filter>
    </ClCompile>
    <ClCompile Include="DepositState.cpp">
      <Filter>Source Files\States</Filter>
    </ClCompile>
    <ClCompile Include="Clock.cpp">
      <Filter>Source Files\information</Filter>
    </ClCompile>
    <ClCompile Include="UpgradingState.cpp">
      <Filter>Source Files\States</Filter>
    </ClCompile>
    <ClCompile Include="Constants.cpp">
      <Filter>Source Files\information</Filter>
    </ClCompile>
    <ClCompile Include="CuttingWoodState.cpp">
      <Filter>Source Files\States</Filter>
    </ClCompile>
    <ClCompile Include="Builder.cpp">
      <Filter>Source Files\Entities</Filter>
    </ClCompile>
    <ClCompile Include="BuildingState.cpp">
      <Filter>Source Files\Entities</Filter>
    </ClCompile>
    <ClCompile Include="constructCoalMilState.cpp">
      <Filter>Source Files\States</Filter>
    </ClCompile>
    <ClCompile Include="CoalMiner.cpp">
      <Filter>Source Files\Entities</Filter>
    </ClCompile>
    <ClCompile Include="MakingCoalState.cpp">
      <Filter>Source Files\States</Filter>
    </ClCompile>
  </ItemGroup>
  <ItemGroup>
    <ClInclude Include="..\Play.h">
      <Filter>Header Files</Filter>
    </ClInclude>
    <ClInclude Include="AstarAlgorithm.h">
      <Filter>Header Files\Algorithms</Filter>
    </ClInclude>
    <ClInclude Include="CompareGameObjectX.h">
      <Filter>Header Files\Algorithms</Filter>
    </ClInclude>
    <ClInclude Include="GameObjectX.h">
      <Filter>Header Files\tiles</Filter>
    </ClInclude>
    <ClInclude Include="PlayerMap.h">
      <Filter>Header Files\Map</Filter>
    </ClInclude>
    <ClInclude Include="State.h">
      <Filter>Header Files\States</Filter>
    </ClInclude>
    <ClInclude Include="Telegram.h">
      <Filter>Header Files\Communication</Filter>
    </ClInclude>
    <ClInclude Include="MessageDispatcher.h">
      <Filter>Header Files\Communication</Filter>
    </ClInclude>
    <ClInclude Include="EntityManager.h">
      <Filter>Header Files\Entitites</Filter>
    </ClInclude>
    <ClInclude Include="BaseGameEntity.h">
      <Filter>Header Files\Entitites</Filter>
    </ClInclude>
    <ClInclude Include="Scout.h">
      <Filter>Header Files\Entitites</Filter>
    </ClInclude>
    <ClInclude Include="GameObjectType.h">
      <Filter>Header Files\Entitites</Filter>
    </ClInclude>
    <ClInclude Include="ScoutingState.h">
      <Filter>Header Files\States</Filter>
    </ClInclude>
    <ClInclude Include="Worker.h">
      <Filter>Header Files\Entitites</Filter>
    </ClInclude>
    <ClInclude Include="GoingToTreeState.h">
      <Filter>Header Files\States</Filter>
    </ClInclude>
    <ClInclude Include="Tree.h">
      <Filter>Header Files\Entitites</Filter>
    </ClInclude>
    <ClInclude Include="WanderingState.h">
      <Filter>Header Files\States</Filter>
    </ClInclude>
    <ClInclude Include="DataControllerTrees.h">
      <Filter>Header Files\Information</Filter>
    </ClInclude>
    <ClInclude Include="UpgradingState.h">
      <Filter>Header Files\States</Filter>
    </ClInclude>
    <ClInclude Include="DepositState.h">
      <Filter>Header Files\States</Filter>
    </ClInclude>
    <ClInclude Include="Clock.h">
      <Filter>Header Files\Information</Filter>
    </ClInclude>
    <ClInclude Include="Constants.h">
      <Filter>Header Files\Information</Filter>
    </ClInclude>
    <ClInclude Include="CuttingWoodState.h">
      <Filter>Header Files\States</Filter>
    </ClInclude>
    <ClInclude Include="Builder.h">
      <Filter>Header Files\Entitites</Filter>
    </ClInclude>
    <ClInclude Include="BuildingState.h">
      <Filter>Header Files\States</Filter>
    </ClInclude>
    <ClInclude Include="constructCoalMilState.h">
      <Filter>Header Files\States</Filter>
    </ClInclude>
    <ClInclude Include="DataControllerEntities.h">
      <Filter>Header Files\Map</Filter>
    </ClInclude>
    <ClInclude Include="CoalMiner.h">
      <Filter>Header Files\Entitites</Filter>
    </ClInclude>
    <ClInclude Include="MakingCoalState.h">
      <Filter>Header Files\States</Filter>
    </ClInclude>
  </ItemGroup>
</Project>